
Microsoft Visual Studio Solution File, Format Version 12.00
# Visual Studio Version 16
VisualStudioVersion = 16.0.30204.135
MinimumVisualStudioVersion = 10.0.40219.1
Project("{FAE04EC0-301F-11D3-BF4B-00C04F79EFBC}") = "Fasetto.Word", "Fasetto.Word\Fasetto.Word.csproj", "{4AC53246-4D79-4770-9FD6-052CF3FBDE22}"
EndProject
Project("{FAE04EC0-301F-11D3-BF4B-00C04F79EFBC}") = "Fasetto.Word.Core", "Fasetto.Word.Core\Fasetto.Word.Core.csproj", "{D5274EE4-D451-43E9-8B75-7987D2EF190D}"
EndProject
Global
	GlobalSection(SolutionConfigurationPlatforms) = preSolution
		Debug|Any CPU = Debug|Any CPU
		Release|Any CPU = Release|Any CPU
	EndGlobalSection
	GlobalSection(ProjectConfigurationPlatforms) = postSolution
		{4AC53246-4D79-4770-9FD6-052CF3FBDE22}.Debug|Any CPU.ActiveCfg = Debug|Any CPU
		{4AC53246-4D79-4770-9FD6-052CF3FBDE22}.Debug|Any CPU.Build.0 = Debug|Any CPU
		{4AC53246-4D79-4770-9FD6-052CF3FBDE22}.Release|Any CPU.ActiveCfg = Release|Any CPU
		{4AC53246-4D79-4770-9FD6-052CF3FBDE22}.Release|Any CPU.Build.0 = Release|Any CPU
		{D5274EE4-D451-43E9-8B75-7987D2EF190D}.Debug|Any CPU.ActiveCfg = Debug|Any CPU
		{D5274EE4-D451-43E9-8B75-7987D2EF190D}.Debug|Any CPU.Build.0 = Debug|Any CPU
		{D5274EE4-D451-43E9-8B75-7987D2EF190D}.Release|Any CPU.ActiveCfg = Release|Any CPU
		{D5274EE4-D451-43E9-8B75-7987D2EF190D}.Release|Any CPU.Build.0 = Release|Any CPU
	EndGlobalSection
	GlobalSection(SolutionProperties) = preSolution
		HideSolutionNode = FALSE
	EndGlobalSection
	GlobalSection(ExtensibilityGlobals) = postSolution
		SolutionGuid = {9FC75E73-3A0C-42BE-BA42-4512BE713D2C}
	EndGlobalSection
EndGlobal
